
Microsoft Visual Studio Solution File, Format Version 12.00
# Visual Studio Version 16
VisualStudioVersion = 16.0.31702.278
MinimumVisualStudioVersion = 10.0.40219.1
Project("{9A19103F-16F7-4668-BE54-9A1E7A4F7556}") = "App", "App\App.csproj", "{EBD835F1-BF68-41C7-AD89-9E07C2420966}"
EndProject
Global
	GlobalSection(SolutionConfigurationPlatforms) = preSolution
		Debug|Any CPU = Debug|Any CPU
		Release|Any CPU = Release|Any CPU
	EndGlobalSection
	GlobalSection(ProjectConfigurationPlatforms) = postSolution
		{EBD835F1-BF68-41C7-AD89-9E07C2420966}.Debug|Any CPU.ActiveCfg = Debug|Any CPU
		{EBD835F1-BF68-41C7-AD89-9E07C2420966}.Debug|Any CPU.Build.0 = Debug|Any CPU
		{EBD835F1-BF68-41C7-AD89-9E07C2420966}.Release|Any CPU.ActiveCfg = Release|Any CPU
		{EBD835F1-BF68-41C7-AD89-9E07C2420966}.Release|Any CPU.Build.0 = Release|Any CPU
	EndGlobalSection
	GlobalSection(SolutionProperties) = preSolution
		HideSolutionNode = FALSE
	EndGlobalSection
	GlobalSection(ExtensibilityGlobals) = postSolution
		SolutionGuid = {918B51D1-E41C-4B85-B407-EA886FB52863}
	EndGlobalSection
EndGlobal
